// !$*UTF8*$!
{
	archiveVersion = 1;
	classes = {
	};
	objectVersion = 50;
	objects = {

/* Begin PBXBuildFile section */
		2CF7C1572629F342004F3A23 /* AppDelegate.swift in Sources */ = {isa = PBXBuildFile; fileRef = 2CF7C1562629F342004F3A23 /* AppDelegate.swift */; };
		2CF7C1592629F342004F3A23 /* SceneDelegate.swift in Sources */ = {isa = PBXBuildFile; fileRef = 2CF7C1582629F342004F3A23 /* SceneDelegate.swift */; };
		2CF7C1602629F345004F3A23 /* Assets.xcassets in Resources */ = {isa = PBXBuildFile; fileRef = 2CF7C15F2629F345004F3A23 /* Assets.xcassets */; };
		2CF7C1632629F345004F3A23 /* LaunchScreen.storyboard in Resources */ = {isa = PBXBuildFile; fileRef = 2CF7C1612629F345004F3A23 /* LaunchScreen.storyboard */; };
		2CF7C16E2629F86F004F3A23 /* Signin.swift in Sources */ = {isa = PBXBuildFile; fileRef = 2CF7C16D2629F86F004F3A23 /* Signin.swift */; };
		2CF7C1712629F885004F3A23 /* Login.swift in Sources */ = {isa = PBXBuildFile; fileRef = 2CF7C1702629F885004F3A23 /* Login.swift */; };
		2CF7C1772629F8E2004F3A23 /* RequestManager.swift in Sources */ = {isa = PBXBuildFile; fileRef = 2CF7C1762629F8E2004F3A23 /* RequestManager.swift */; };
		2CF7C17B2629F973004F3A23 /* APIManager.swift in Sources */ = {isa = PBXBuildFile; fileRef = 2CF7C17A2629F973004F3A23 /* APIManager.swift */; };
		2CF7C17F2629FF21004F3A23 /* AEONManager.swift in Sources */ = {isa = PBXBuildFile; fileRef = 2CF7C17E2629FF21004F3A23 /* AEONManager.swift */; };
		2CF7C183262A15A6004F3A23 /* AutorizationViewController.swift in Sources */ = {isa = PBXBuildFile; fileRef = 2CF7C182262A15A6004F3A23 /* AutorizationViewController.swift */; };
		2CF7C189262AD3FC004F3A23 /* Payments.swift in Sources */ = {isa = PBXBuildFile; fileRef = 2CF7C188262AD3FC004F3A23 /* Payments.swift */; };
		2CF7C19A262AE07A004F3A23 /* PaymentsTableViewController.swift in Sources */ = {isa = PBXBuildFile; fileRef = 2CF7C198262AE07A004F3A23 /* PaymentsTableViewController.swift */; };
		2CF7C19B262AE07A004F3A23 /* PaymentsTableViewController.xib in Resources */ = {isa = PBXBuildFile; fileRef = 2CF7C199262AE07A004F3A23 /* PaymentsTableViewController.xib */; };
		2CF7C1A1262AE63E004F3A23 /* PaymentsViewCell.swift in Sources */ = {isa = PBXBuildFile; fileRef = 2CF7C19F262AE63D004F3A23 /* PaymentsViewCell.swift */; };
		2CF7C1A2262AE63E004F3A23 /* PaymentsViewCell.xib in Resources */ = {isa = PBXBuildFile; fileRef = 2CF7C1A0262AE63E004F3A23 /* PaymentsViewCell.xib */; };
/* End PBXBuildFile section */

/* Begin PBXFileReference section */
		2CF7C1532629F342004F3A23 /* AEONTestTask.app */ = {isa = PBXFileReference; explicitFileType = wrapper.application; includeInIndex = 0; path = AEONTestTask.app; sourceTree = BUILT_PRODUCTS_DIR; };
		2CF7C1562629F342004F3A23 /* AppDelegate.swift */ = {isa = PBXFileReference; lastKnownFileType = sourcecode.swift; path = AppDelegate.swift; sourceTree = "<group>"; };
		2CF7C1582629F342004F3A23 /* SceneDelegate.swift */ = {isa = PBXFileReference; lastKnownFileType = sourcecode.swift; path = SceneDelegate.swift; sourceTree = "<group>"; };
		2CF7C15F2629F345004F3A23 /* Assets.xcassets */ = {isa = PBXFileReference; lastKnownFileType = folder.assetcatalog; path = Assets.xcassets; sourceTree = "<group>"; };
		2CF7C1622629F345004F3A23 /* Base */ = {isa = PBXFileReference; lastKnownFileType = file.storyboard; name = Base; path = Base.lproj/LaunchScreen.storyboard; sourceTree = "<group>"; };
		2CF7C1642629F345004F3A23 /* Info.plist */ = {isa = PBXFileReference; lastKnownFileType = text.plist.xml; path = Info.plist; sourceTree = "<group>"; };
		2CF7C16D2629F86F004F3A23 /* Signin.swift */ = {isa = PBXFileReference; lastKnownFileType = sourcecode.swift; path = Signin.swift; sourceTree = "<group>"; };
		2CF7C1702629F885004F3A23 /* Login.swift */ = {isa = PBXFileReference; lastKnownFileType = sourcecode.swift; path = Login.swift; sourceTree = "<group>"; };
		2CF7C1762629F8E2004F3A23 /* RequestManager.swift */ = {isa = PBXFileReference; lastKnownFileType = sourcecode.swift; path = RequestManager.swift; sourceTree = "<group>"; };
		2CF7C17A2629F973004F3A23 /* APIManager.swift */ = {isa = PBXFileReference; lastKnownFileType = sourcecode.swift; path = APIManager.swift; sourceTree = "<group>"; };
		2CF7C17E2629FF21004F3A23 /* AEONManager.swift */ = {isa = PBXFileReference; lastKnownFileType = sourcecode.swift; path = AEONManager.swift; sourceTree = "<group>"; };
		2CF7C182262A15A6004F3A23 /* AutorizationViewController.swift */ = {isa = PBXFileReference; lastKnownFileType = sourcecode.swift; path = AutorizationViewController.swift; sourceTree = "<group>"; };
		2CF7C188262AD3FC004F3A23 /* Payments.swift */ = {isa = PBXFileReference; lastKnownFileType = sourcecode.swift; path = Payments.swift; sourceTree = "<group>"; };
		2CF7C198262AE07A004F3A23 /* PaymentsTableViewController.swift */ = {isa = PBXFileReference; lastKnownFileType = sourcecode.swift; path = PaymentsTableViewController.swift; sourceTree = "<group>"; };
		2CF7C199262AE07A004F3A23 /* PaymentsTableViewController.xib */ = {isa = PBXFileReference; lastKnownFileType = file.xib; path = PaymentsTableViewController.xib; sourceTree = "<group>"; };
		2CF7C19F262AE63D004F3A23 /* PaymentsViewCell.swift */ = {isa = PBXFileReference; lastKnownFileType = sourcecode.swift; path = PaymentsViewCell.swift; sourceTree = "<group>"; };
		2CF7C1A0262AE63E004F3A23 /* PaymentsViewCell.xib */ = {isa = PBXFileReference; lastKnownFileType = file.xib; path = PaymentsViewCell.xib; sourceTree = "<group>"; };
/* End PBXFileReference section */

/* Begin PBXFrameworksBuildPhase section */
		2CF7C1502629F342004F3A23 /* Frameworks */ = {
			isa = PBXFrameworksBuildPhase;
			buildActionMask = 2147483647;
			files = (
			);
			runOnlyForDeploymentPostprocessing = 0;
		};
/* End PBXFrameworksBuildPhase section */

/* Begin PBXGroup section */
		2CF7C14A2629F342004F3A23 = {
			isa = PBXGroup;
			children = (
				2CF7C1552629F342004F3A23 /* AEONTestTask */,
				2CF7C1542629F342004F3A23 /* Products */,
			);
			sourceTree = "<group>";
		};
		2CF7C1542629F342004F3A23 /* Products */ = {
			isa = PBXGroup;
			children = (
				2CF7C1532629F342004F3A23 /* AEONTestTask.app */,
			);
			name = Products;
			sourceTree = "<group>";
		};
		2CF7C1552629F342004F3A23 /* AEONTestTask */ = {
			isa = PBXGroup;
			children = (
				2CF7C1562629F342004F3A23 /* AppDelegate.swift */,
				2CF7C1582629F342004F3A23 /* SceneDelegate.swift */,
				2CF7C1A7262AEFE7004F3A23 /* Autorization */,
				2CF7C1A4262AEA8A004F3A23 /* PaymentTableView */,
				2CF7C1752629F8CA004F3A23 /* Managers */,
				2CF7C1732629F8A5004F3A23 /* Models */,
				2CF7C15F2629F345004F3A23 /* Assets.xcassets */,
				2CF7C1612629F345004F3A23 /* LaunchScreen.storyboard */,
				2CF7C1642629F345004F3A23 /* Info.plist */,
			);
			path = AEONTestTask;
			sourceTree = "<group>";
		};
		2CF7C1732629F8A5004F3A23 /* Models */ = {
			isa = PBXGroup;
			children = (
				2CF7C16D2629F86F004F3A23 /* Signin.swift */,
				2CF7C1702629F885004F3A23 /* Login.swift */,
				2CF7C188262AD3FC004F3A23 /* Payments.swift */,
			);
			path = Models;
			sourceTree = "<group>";
		};
		2CF7C1752629F8CA004F3A23 /* Managers */ = {
			isa = PBXGroup;
			children = (
				2CF7C1762629F8E2004F3A23 /* RequestManager.swift */,
				2CF7C17A2629F973004F3A23 /* APIManager.swift */,
				2CF7C17E2629FF21004F3A23 /* AEONManager.swift */,
			);
			path = Managers;
			sourceTree = "<group>";
		};
		2CF7C1A4262AEA8A004F3A23 /* PaymentTableView */ = {
			isa = PBXGroup;
			children = (
				2CF7C198262AE07A004F3A23 /* PaymentsTableViewController.swift */,
				2CF7C199262AE07A004F3A23 /* PaymentsTableViewController.xib */,
				2CF7C1A5262AEA9C004F3A23 /* Cell */,
			);
			path = PaymentTableView;
			sourceTree = "<group>";
		};
		2CF7C1A5262AEA9C004F3A23 /* Cell */ = {
			isa = PBXGroup;
			children = (
				2CF7C19F262AE63D004F3A23 /* PaymentsViewCell.swift */,
				2CF7C1A0262AE63E004F3A23 /* PaymentsViewCell.xib */,
			);
			path = Cell;
			sourceTree = "<group>";
		};
		2CF7C1A7262AEFE7004F3A23 /* Autorization */ = {
			isa = PBXGroup;
			children = (
				2CF7C182262A15A6004F3A23 /* AutorizationViewController.swift */,
			);
			path = Autorization;
			sourceTree = "<group>";
		};
/* End PBXGroup section */

/* Begin PBXNativeTarget section */
		2CF7C1522629F342004F3A23 /* AEONTestTask */ = {
			isa = PBXNativeTarget;
			buildConfigurationList = 2CF7C1672629F345004F3A23 /* Build configuration list for PBXNativeTarget "AEONTestTask" */;
			buildPhases = (
				2CF7C14F2629F342004F3A23 /* Sources */,
				2CF7C1502629F342004F3A23 /* Frameworks */,
				2CF7C1512629F342004F3A23 /* Resources */,
			);
			buildRules = (
			);
			dependencies = (
			);
			name = AEONTestTask;
			productName = AEONTestTask;
			productReference = 2CF7C1532629F342004F3A23 /* AEONTestTask.app */;
			productType = "com.apple.product-type.application";
		};
/* End PBXNativeTarget section */

/* Begin PBXProject section */
		2CF7C14B2629F342004F3A23 /* Project object */ = {
			isa = PBXProject;
			attributes = {
				LastSwiftUpdateCheck = 1240;
				LastUpgradeCheck = 1240;
				TargetAttributes = {
					2CF7C1522629F342004F3A23 = {
						CreatedOnToolsVersion = 12.4;
					};
				};
			};
			buildConfigurationList = 2CF7C14E2629F342004F3A23 /* Build configuration list for PBXProject "AEONTestTask" */;
			compatibilityVersion = "Xcode 9.3";
			developmentRegion = en;
			hasScannedForEncodings = 0;
			knownRegions = (
				en,
				Base,
			);
			mainGroup = 2CF7C14A2629F342004F3A23;
			productRefGroup = 2CF7C1542629F342004F3A23 /* Products */;
			projectDirPath = "";
			projectRoot = "";
			targets = (
				2CF7C1522629F342004F3A23 /* AEONTestTask */,
			);
		};
/* End PBXProject section */

/* Begin PBXResourcesBuildPhase section */
		2CF7C1512629F342004F3A23 /* Resources */ = {
			isa = PBXResourcesBuildPhase;
			buildActionMask = 2147483647;
			files = (
				2CF7C1632629F345004F3A23 /* LaunchScreen.storyboard in Resources */,
				2CF7C1A2262AE63E004F3A23 /* PaymentsViewCell.xib in Resources */,
				2CF7C19B262AE07A004F3A23 /* PaymentsTableViewController.xib in Resources */,
				2CF7C1602629F345004F3A23 /* Assets.xcassets in Resources */,
			);
			runOnlyForDeploymentPostprocessing = 0;
		};
/* End PBXResourcesBuildPhase section */

/* Begin PBXSourcesBuildPhase section */
		2CF7C14F2629F342004F3A23 /* Sources */ = {
			isa = PBXSourcesBuildPhase;
			buildActionMask = 2147483647;
			files = (
				2CF7C1712629F885004F3A23 /* Login.swift in Sources */,
				2CF7C17F2629FF21004F3A23 /* AEONManager.swift in Sources */,
				2CF7C1A1262AE63E004F3A23 /* PaymentsViewCell.swift in Sources */,
				2CF7C1572629F342004F3A23 /* AppDelegate.swift in Sources */,
				2CF7C1772629F8E2004F3A23 /* RequestManager.swift in Sources */,
				2CF7C19A262AE07A004F3A23 /* PaymentsTableViewController.swift in Sources */,
				2CF7C1592629F342004F3A23 /* SceneDelegate.swift in Sources */,
				2CF7C183262A15A6004F3A23 /* AutorizationViewController.swift in Sources */,
				2CF7C189262AD3FC004F3A23 /* Payments.swift in Sources */,
				2CF7C16E2629F86F004F3A23 /* Signin.swift in Sources */,
				2CF7C17B2629F973004F3A23 /* APIManager.swift in Sources */,
			);
			runOnlyForDeploymentPostprocessing = 0;
		};
/* End PBXSourcesBuildPhase section */

/* Begin PBXVariantGroup section */
		2CF7C1612629F345004F3A23 /* LaunchScreen.storyboard */ = {
			isa = PBXVariantGroup;
			children = (
				2CF7C1622629F345004F3A23 /* Base */,
			);
			name = LaunchScreen.storyboard;
			sourceTree = "<group>";
		};
/* End PBXVariantGroup section */

/* Begin XCBuildConfiguration section */
		2CF7C1652629F345004F3A23 /* Debug */ = {
			isa = XCBuildConfiguration;
			buildSettings = {
				ALWAYS_SEARCH_USER_PATHS = NO;
				CLANG_ANALYZER_NONNULL = YES;
				CLANG_ANALYZER_NUMBER_OBJECT_CONVERSION = YES_AGGRESSIVE;
				CLANG_CXX_LANGUAGE_STANDARD = "gnu++14";
				CLANG_CXX_LIBRARY = "libc++";
				CLANG_ENABLE_MODULES = YES;
				CLANG_ENABLE_OBJC_ARC = YES;
				CLANG_ENABLE_OBJC_WEAK = YES;
				CLANG_WARN_BLOCK_CAPTURE_AUTORELEASING = YES;
				CLANG_WARN_BOOL_CONVERSION = YES;
				CLANG_WARN_COMMA = YES;
				CLANG_WARN_CONSTANT_CONVERSION = YES;
				CLANG_WARN_DEPRECATED_OBJC_IMPLEMENTATIONS = YES;
				CLANG_WARN_DIRECT_OBJC_ISA_USAGE = YES_ERROR;
				CLANG_WARN_DOCUMENTATION_COMMENTS = YES;
				CLANG_WARN_EMPTY_BODY = YES;
				CLANG_WARN_ENUM_CONVERSION = YES;
				CLANG_WARN_INFINITE_RECURSION = YES;
				CLANG_WARN_INT_CONVERSION = YES;
				CLANG_WARN_NON_LITERAL_NULL_CONVERSION = YES;
				CLANG_WARN_OBJC_IMPLICIT_RETAIN_SELF = YES;
				CLANG_WARN_OBJC_LITERAL_CONVERSION = YES;
				CLANG_WARN_OBJC_ROOT_CLASS = YES_ERROR;
				CLANG_WARN_QUOTED_INCLUDE_IN_FRAMEWORK_HEADER = YES;
				CLANG_WARN_RANGE_LOOP_ANALYSIS = YES;
				CLANG_WARN_STRICT_PROTOTYPES = YES;
				CLANG_WARN_SUSPICIOUS_MOVE = YES;
				CLANG_WARN_UNGUARDED_AVAILABILITY = YES_AGGRESSIVE;
				CLANG_WARN_UNREACHABLE_CODE = YES;
				CLANG_WARN__DUPLICATE_METHOD_MATCH = YES;
				COPY_PHASE_STRIP = NO;
				DEBUG_INFORMATION_FORMAT = dwarf;
				ENABLE_STRICT_OBJC_MSGSEND = YES;
				ENABLE_TESTABILITY = YES;
				GCC_C_LANGUAGE_STANDARD = gnu11;
				GCC_DYNAMIC_NO_PIC = NO;
				GCC_NO_COMMON_BLOCKS = YES;
				GCC_OPTIMIZATION_LEVEL = 0;
				GCC_PREPROCESSOR_DEFINITIONS = (
					"DEBUG=1",
					"$(inherited)",
				);
				GCC_WARN_64_TO_32_BIT_CONVERSION = YES;
				GCC_WARN_ABOUT_RETURN_TYPE = YES_ERROR;
				GCC_WARN_UNDECLARED_SELECTOR = YES;
				GCC_WARN_UNINITIALIZED_AUTOS = YES_AGGRESSIVE;
				GCC_WARN_UNUSED_FUNCTION = YES;
				GCC_WARN_UNUSED_VARIABLE = YES;
				IPHONEOS_DEPLOYMENT_TARGET = 14.4;
				MTL_ENABLE_DEBUG_INFO = INCLUDE_SOURCE;
				MTL_FAST_MATH = YES;
				ONLY_ACTIVE_ARCH = YES;
				SDKROOT = iphoneos;
				SWIFT_ACTIVE_COMPILATION_CONDITIONS = DEBUG;
				SWIFT_OPTIMIZATION_LEVEL = "-Onone";
			};
			name = Debug;
		};
		2CF7C1662629F345004F3A23 /* Release */ = {
			isa = XCBuildConfiguration;
			buildSettings = {
				ALWAYS_SEARCH_USER_PATHS = NO;
				CLANG_ANALYZER_NONNULL = YES;
				CLANG_ANALYZER_NUMBER_OBJECT_CONVERSION = YES_AGGRESSIVE;
				CLANG_CXX_LANGUAGE_STANDARD = "gnu++14";
				CLANG_CXX_LIBRARY = "libc++";
				CLANG_ENABLE_MODULES = YES;
				CLANG_ENABLE_OBJC_ARC = YES;
				CLANG_ENABLE_OBJC_WEAK = YES;
				CLANG_WARN_BLOCK_CAPTURE_AUTORELEASING = YES;
				CLANG_WARN_BOOL_CONVERSION = YES;
				CLANG_WARN_COMMA = YES;
				CLANG_WARN_CONSTANT_CONVERSION = YES;
				CLANG_WARN_DEPRECATED_OBJC_IMPLEMENTATIONS = YES;
				CLANG_WARN_DIRECT_OBJC_ISA_USAGE = YES_ERROR;
				CLANG_WARN_DOCUMENTATION_COMMENTS = YES;
				CLANG_WARN_EMPTY_BODY = YES;
				CLANG_WARN_ENUM_CONVERSION = YES;
				CLANG_WARN_INFINITE_RECURSION = YES;
				CLANG_WARN_INT_CONVERSION = YES;
				CLANG_WARN_NON_LITERAL_NULL_CONVERSION = YES;
				CLANG_WARN_OBJC_IMPLICIT_RETAIN_SELF = YES;
				CLANG_WARN_OBJC_LITERAL_CONVERSION = YES;
				CLANG_WARN_OBJC_ROOT_CLASS = YES_ERROR;
				CLANG_WARN_QUOTED_INCLUDE_IN_FRAMEWORK_HEADER = YES;
				CLANG_WARN_RANGE_LOOP_ANALYSIS = YES;
				CLANG_WARN_STRICT_PROTOTYPES = YES;
				CLANG_WARN_SUSPICIOUS_MOVE = YES;
				CLANG_WARN_UNGUARDED_AVAILABILITY = YES_AGGRESSIVE;
				CLANG_WARN_UNREACHABLE_CODE = YES;
				CLANG_WARN__DUPLICATE_METHOD_MATCH = YES;
				COPY_PHASE_STRIP = NO;
				DEBUG_INFORMATION_FORMAT = "dwarf-with-dsym";
				ENABLE_NS_ASSERTIONS = NO;
				ENABLE_STRICT_OBJC_MSGSEND = YES;
				GCC_C_LANGUAGE_STANDARD = gnu11;
				GCC_NO_COMMON_BLOCKS = YES;
				GCC_WARN_64_TO_32_BIT_CONVERSION = YES;
				GCC_WARN_ABOUT_RETURN_TYPE = YES_ERROR;
				GCC_WARN_UNDECLARED_SELECTOR = YES;
				GCC_WARN_UNINITIALIZED_AUTOS = YES_AGGRESSIVE;
				GCC_WARN_UNUSED_FUNCTION = YES;
				GCC_WARN_UNUSED_VARIABLE = YES;
				IPHONEOS_DEPLOYMENT_TARGET = 14.4;
				MTL_ENABLE_DEBUG_INFO = NO;
				MTL_FAST_MATH = YES;
				SDKROOT = iphoneos;
				SWIFT_COMPILATION_MODE = wholemodule;
				SWIFT_OPTIMIZATION_LEVEL = "-O";
				VALIDATE_PRODUCT = YES;
			};
			name = Release;
		};
		2CF7C1682629F345004F3A23 /* Debug */ = {
			isa = XCBuildConfiguration;
			buildSettings = {
				ASSETCATALOG_COMPILER_APPICON_NAME = AppIcon;
				ASSETCATALOG_COMPILER_GLOBAL_ACCENT_COLOR_NAME = AccentColor;
				CODE_SIGN_STYLE = Automatic;
				DEVELOPMENT_TEAM = YF7B94KF69;
				INFOPLIST_FILE = AEONTestTask/Info.plist;
				LD_RUNPATH_SEARCH_PATHS = (
					"$(inherited)",
					"@executable_path/Frameworks",
				);
				PRODUCT_BUNDLE_IDENTIFIER = "-.AEONTestTask";
				PRODUCT_NAME = "$(TARGET_NAME)";
				SWIFT_VERSION = 5.0;
				TARGETED_DEVICE_FAMILY = "1,2";
			};
			name = Debug;
		};
		2CF7C1692629F345004F3A23 /* Release */ = {
			isa = XCBuildConfiguration;
			buildSettings = {
				ASSETCATALOG_COMPILER_APPICON_NAME = AppIcon;
				ASSETCATALOG_COMPILER_GLOBAL_ACCENT_COLOR_NAME = AccentColor;
				CODE_SIGN_STYLE = Automatic;
				DEVELOPMENT_TEAM = YF7B94KF69;
				INFOPLIST_FILE = AEONTestTask/Info.plist;
				LD_RUNPATH_SEARCH_PATHS = (
					"$(inherited)",
					"@executable_path/Frameworks",
				);
				PRODUCT_BUNDLE_IDENTIFIER = "-.AEONTestTask";
				PRODUCT_NAME = "$(TARGET_NAME)";
				SWIFT_VERSION = 5.0;
				TARGETED_DEVICE_FAMILY = "1,2";
			};
			name = Release;
		};
/* End XCBuildConfiguration section */

/* Begin XCConfigurationList section */
		2CF7C14E2629F342004F3A23 /* Build configuration list for PBXProject "AEONTestTask" */ = {
			isa = XCConfigurationList;
			buildConfigurations = (
				2CF7C1652629F345004F3A23 /* Debug */,
				2CF7C1662629F345004F3A23 /* Release */,
			);
			defaultConfigurationIsVisible = 0;
			defaultConfigurationName = Release;
		};
		2CF7C1672629F345004F3A23 /* Build configuration list for PBXNativeTarget "AEONTestTask" */ = {
			isa = XCConfigurationList;
			buildConfigurations = (
				2CF7C1682629F345004F3A23 /* Debug */,
				2CF7C1692629F345004F3A23 /* Release */,
			);
			defaultConfigurationIsVisible = 0;
			defaultConfigurationName = Release;
		};
/* End XCConfigurationList section */
	};
	rootObject = 2CF7C14B2629F342004F3A23 /* Project object */;
}
